
Microsoft Visual Studio Solution File, Format Version 12.00
# Visual Studio Version 16
VisualStudioVersion = 16.0.29306.81
MinimumVisualStudioVersion = 10.0.40219.1
Project("{FAE04EC0-301F-11D3-BF4B-00C04F79EFBC}") = "1_TwoSum", "1_TwoSum\1_TwoSum.csproj", "{5DCBC35E-AA8D-47CD-ABBC-5B84BB6628A1}"
EndProject
Project("{FAE04EC0-301F-11D3-BF4B-00C04F79EFBC}") = "9_PalindromeNumber", "9_PalindromeNumber\9_PalindromeNumber.csproj", "{5D62DECE-7012-4652-A040-FB4806D3C67E}"
EndProject
Global
	GlobalSection(SolutionConfigurationPlatforms) = preSolution
		Debug|Any CPU = Debug|Any CPU
		Release|Any CPU = Release|Any CPU
	EndGlobalSection
	GlobalSection(ProjectConfigurationPlatforms) = postSolution
		{5DCBC35E-AA8D-47CD-ABBC-5B84BB6628A1}.Debug|Any CPU.ActiveCfg = Debug|Any CPU
		{5DCBC35E-AA8D-47CD-ABBC-5B84BB6628A1}.Debug|Any CPU.Build.0 = Debug|Any CPU
		{5DCBC35E-AA8D-47CD-ABBC-5B84BB6628A1}.Release|Any CPU.ActiveCfg = Release|Any CPU
		{5DCBC35E-AA8D-47CD-ABBC-5B84BB6628A1}.Release|Any CPU.Build.0 = Release|Any CPU
		{5D62DECE-7012-4652-A040-FB4806D3C67E}.Debug|Any CPU.ActiveCfg = Debug|Any CPU
		{5D62DECE-7012-4652-A040-FB4806D3C67E}.Debug|Any CPU.Build.0 = Debug|Any CPU
		{5D62DECE-7012-4652-A040-FB4806D3C67E}.Release|Any CPU.ActiveCfg = Release|Any CPU
		{5D62DECE-7012-4652-A040-FB4806D3C67E}.Release|Any CPU.Build.0 = Release|Any CPU
	EndGlobalSection
	GlobalSection(SolutionProperties) = preSolution
		HideSolutionNode = FALSE
	EndGlobalSection
	GlobalSection(ExtensibilityGlobals) = postSolution
		SolutionGuid = {DC46FCDA-EF22-4761-B8BC-15D728587CCD}
	EndGlobalSection
EndGlobal
